
Microsoft Visual Studio Solution File, Format Version 12.00
# Visual Studio Version 17
VisualStudioVersion = 17.14.36414.22 d17.14
MinimumVisualStudioVersion = 10.0.40219.1
Project("{FAE04EC0-301F-11D3-BF4B-00C04F79EFBC}") = "ST10028058_PROG7312_POE", "ST10028058_PROG7312_POE\ST10028058_PROG7312_POE.csproj", "{D6112134-AC78-465A-B8C7-BA2F61B9A277}"
EndProject
Global
	GlobalSection(SolutionConfigurationPlatforms) = preSolution
		Debug|Any CPU = Debug|Any CPU
		Release|Any CPU = Release|Any CPU
	EndGlobalSection
	GlobalSection(ProjectConfigurationPlatforms) = postSolution
		{D6112134-AC78-465A-B8C7-BA2F61B9A277}.Debug|Any CPU.ActiveCfg = Debug|Any CPU
		{D6112134-AC78-465A-B8C7-BA2F61B9A277}.Debug|Any CPU.Build.0 = Debug|Any CPU
		{D6112134-AC78-465A-B8C7-BA2F61B9A277}.Release|Any CPU.ActiveCfg = Release|Any CPU
		{D6112134-AC78-465A-B8C7-BA2F61B9A277}.Release|Any CPU.Build.0 = Release|Any CPU
	EndGlobalSection
	GlobalSection(SolutionProperties) = preSolution
		HideSolutionNode = FALSE
	EndGlobalSection
	GlobalSection(ExtensibilityGlobals) = postSolution
		SolutionGuid = {CD3A5D0D-B262-446F-9702-8ED02D7E2627}
	EndGlobalSection
EndGlobal
